
Microsoft Visual Studio Solution File, Format Version 12.00
# Visual Studio 15
VisualStudioVersion = 15.0.27004.2005
MinimumVisualStudioVersion = 10.0.40219.1
Project("{FAE04EC0-301F-11D3-BF4B-00C04F79EFBC}") = "DetalApp", "DetalApp\DetalApp.csproj", "{F65C356E-1E4D-40BB-8B70-F88DECFA185B}"
EndProject
Global
	GlobalSection(SolutionConfigurationPlatforms) = preSolution
		Debug|Any CPU = Debug|Any CPU
		Release|Any CPU = Release|Any CPU
	EndGlobalSection
	GlobalSection(ProjectConfigurationPlatforms) = postSolution
		{F65C356E-1E4D-40BB-8B70-F88DECFA185B}.Debug|Any CPU.ActiveCfg = Debug|Any CPU
		{F65C356E-1E4D-40BB-8B70-F88DECFA185B}.Debug|Any CPU.Build.0 = Debug|Any CPU
		{F65C356E-1E4D-40BB-8B70-F88DECFA185B}.Release|Any CPU.ActiveCfg = Release|Any CPU
		{F65C356E-1E4D-40BB-8B70-F88DECFA185B}.Release|Any CPU.Build.0 = Release|Any CPU
	EndGlobalSection
	GlobalSection(SolutionProperties) = preSolution
		HideSolutionNode = FALSE
	EndGlobalSection
	GlobalSection(ExtensibilityGlobals) = postSolution
		SolutionGuid = {D6A0BC5F-8BBB-4BBF-AD0C-B62DBB46DFDD}
	EndGlobalSection
EndGlobal
